
Microsoft Visual Studio Solution File, Format Version 12.00
# Visual Studio 14
VisualStudioVersion = 14.0.24720.0
MinimumVisualStudioVersion = 10.0.40219.1
Project("{FAE04EC0-301F-11D3-BF4B-00C04F79EFBC}") = "HREmployeeService.Tests", "src\HREmployeeService.Tests\HREmployeeService.Tests.csproj", "{3B0C44B0-EA39-4BB6-B500-F632421A5C40}"
EndProject
Project("{FAE04EC0-301F-11D3-BF4B-00C04F79EFBC}") = "HREmployeeService", "src\HREmployeeService\HREmployeeService.csproj", "{086EF300-08B6-49B3-87DE-1F8763BB9710}"
EndProject
Project("{FAE04EC0-301F-11D3-BF4B-00C04F79EFBC}") = "HREmployeeService.Controllers", "src\HREmployeeService.Controllers\HREmployeeService.Controllers.csproj", "{3242CA3F-74D4-4051-954F-06F816651A80}"
EndProject
Project("{FAE04EC0-301F-11D3-BF4B-00C04F79EFBC}") = "HREmployeeService.Controllers.Tests", "src\HREmployeeService.Controllers.Tests\HREmployeeService.Controllers.Tests.csproj", "{1A460BF1-4F41-43B7-BB5C-C1B2DD14952C}"
EndProject
Project("{FAE04EC0-301F-11D3-BF4B-00C04F79EFBC}") = "HREmployeeService.Autofac", "src\HREmployeeService.Autofac\HREmployeeService.Autofac.csproj", "{A7996248-1C1E-454F-BAD2-67AD0C4F0745}"
EndProject
Project("{FAE04EC0-301F-11D3-BF4B-00C04F79EFBC}") = "HREmployeeService.Autofac.Tests", "src\HREmployeeService.Autofac.Tests\HREmployeeService.Autofac.Tests.csproj", "{7CCA51AC-8969-4234-90D1-BE659FD0BB99}"
EndProject
Project("{FAE04EC0-301F-11D3-BF4B-00C04F79EFBC}") = "HREmployeeService.Repository", "src\HREmployeeService.Repository\HREmployeeService.Repository.csproj", "{BAADDDE1-BECD-4C80-8574-35267A57C776}"
EndProject
Project("{FAE04EC0-301F-11D3-BF4B-00C04F79EFBC}") = "HREmployeeService.Repository.Tests", "src\HREmployeeService.Repository.Tests\HREmployeeService.Repository.Tests.csproj", "{A2B4758A-0E8D-4853-9664-14B5D5715EDA}"
EndProject
Global
	GlobalSection(SolutionConfigurationPlatforms) = preSolution
		Debug|Any CPU = Debug|Any CPU
		Release|Any CPU = Release|Any CPU
	EndGlobalSection
	GlobalSection(ProjectConfigurationPlatforms) = postSolution
		{3B0C44B0-EA39-4BB6-B500-F632421A5C40}.Debug|Any CPU.ActiveCfg = Debug|Any CPU
		{3B0C44B0-EA39-4BB6-B500-F632421A5C40}.Debug|Any CPU.Build.0 = Debug|Any CPU
		{3B0C44B0-EA39-4BB6-B500-F632421A5C40}.Release|Any CPU.ActiveCfg = Release|Any CPU
		{3B0C44B0-EA39-4BB6-B500-F632421A5C40}.Release|Any CPU.Build.0 = Release|Any CPU
		{086EF300-08B6-49B3-87DE-1F8763BB9710}.Debug|Any CPU.ActiveCfg = Debug|Any CPU
		{086EF300-08B6-49B3-87DE-1F8763BB9710}.Debug|Any CPU.Build.0 = Debug|Any CPU
		{086EF300-08B6-49B3-87DE-1F8763BB9710}.Release|Any CPU.ActiveCfg = Release|Any CPU
		{086EF300-08B6-49B3-87DE-1F8763BB9710}.Release|Any CPU.Build.0 = Release|Any CPU
		{3242CA3F-74D4-4051-954F-06F816651A80}.Debug|Any CPU.ActiveCfg = Debug|Any CPU
		{3242CA3F-74D4-4051-954F-06F816651A80}.Debug|Any CPU.Build.0 = Debug|Any CPU
		{3242CA3F-74D4-4051-954F-06F816651A80}.Release|Any CPU.ActiveCfg = Release|Any CPU
		{3242CA3F-74D4-4051-954F-06F816651A80}.Release|Any CPU.Build.0 = Release|Any CPU
		{1A460BF1-4F41-43B7-BB5C-C1B2DD14952C}.Debug|Any CPU.ActiveCfg = Debug|Any CPU
		{1A460BF1-4F41-43B7-BB5C-C1B2DD14952C}.Debug|Any CPU.Build.0 = Debug|Any CPU
		{1A460BF1-4F41-43B7-BB5C-C1B2DD14952C}.Release|Any CPU.ActiveCfg = Release|Any CPU
		{1A460BF1-4F41-43B7-BB5C-C1B2DD14952C}.Release|Any CPU.Build.0 = Release|Any CPU
		{A7996248-1C1E-454F-BAD2-67AD0C4F0745}.Debug|Any CPU.ActiveCfg = Debug|Any CPU
		{A7996248-1C1E-454F-BAD2-67AD0C4F0745}.Debug|Any CPU.Build.0 = Debug|Any CPU
		{A7996248-1C1E-454F-BAD2-67AD0C4F0745}.Release|Any CPU.ActiveCfg = Release|Any CPU
		{A7996248-1C1E-454F-BAD2-67AD0C4F0745}.Release|Any CPU.Build.0 = Release|Any CPU
		{7CCA51AC-8969-4234-90D1-BE659FD0BB99}.Debug|Any CPU.ActiveCfg = Debug|Any CPU
		{7CCA51AC-8969-4234-90D1-BE659FD0BB99}.Debug|Any CPU.Build.0 = Debug|Any CPU
		{7CCA51AC-8969-4234-90D1-BE659FD0BB99}.Release|Any CPU.ActiveCfg = Release|Any CPU
		{7CCA51AC-8969-4234-90D1-BE659FD0BB99}.Release|Any CPU.Build.0 = Release|Any CPU
		{BAADDDE1-BECD-4C80-8574-35267A57C776}.Debug|Any CPU.ActiveCfg = Debug|Any CPU
		{BAADDDE1-BECD-4C80-8574-35267A57C776}.Debug|Any CPU.Build.0 = Debug|Any CPU
		{BAADDDE1-BECD-4C80-8574-35267A57C776}.Release|Any CPU.ActiveCfg = Release|Any CPU
		{BAADDDE1-BECD-4C80-8574-35267A57C776}.Release|Any CPU.Build.0 = Release|Any CPU
		{A2B4758A-0E8D-4853-9664-14B5D5715EDA}.Debug|Any CPU.ActiveCfg = Debug|Any CPU
		{A2B4758A-0E8D-4853-9664-14B5D5715EDA}.Debug|Any CPU.Build.0 = Debug|Any CPU
		{A2B4758A-0E8D-4853-9664-14B5D5715EDA}.Release|Any CPU.ActiveCfg = Release|Any CPU
		{A2B4758A-0E8D-4853-9664-14B5D5715EDA}.Release|Any CPU.Build.0 = Release|Any CPU
	EndGlobalSection
	GlobalSection(SolutionProperties) = preSolution
		HideSolutionNode = FALSE
	EndGlobalSection
EndGlobal
